// !$*UTF8*$!
{
	archiveVersion = 1;
	classes = {
	};
	objectVersion = 46;
	objects = {

/* Begin PBXBuildFile section */
		AA8DF5251568196900D585CE /* UIKit.framework in Frameworks */ = {isa = PBXBuildFile; fileRef = AA8DF5241568196900D585CE /* UIKit.framework */; };
		AA8DF5271568196900D585CE /* Foundation.framework in Frameworks */ = {isa = PBXBuildFile; fileRef = AA8DF5261568196900D585CE /* Foundation.framework */; };
		AA8DF5291568196900D585CE /* CoreGraphics.framework in Frameworks */ = {isa = PBXBuildFile; fileRef = AA8DF5281568196900D585CE /* CoreGraphics.framework */; };
		AA8DF52F1568196900D585CE /* InfoPlist.strings in Resources */ = {isa = PBXBuildFile; fileRef = AA8DF52D1568196900D585CE /* InfoPlist.strings */; };
		AA8DF5311568196900D585CE /* main.m in Sources */ = {isa = PBXBuildFile; fileRef = AA8DF5301568196900D585CE /* main.m */; };
		AA8DF5351568196900D585CE /* AppDelegate.m in Sources */ = {isa = PBXBuildFile; fileRef = AA8DF5341568196900D585CE /* AppDelegate.m */; };
		AA8DF5381568196900D585CE /* ViewController.m in Sources */ = {isa = PBXBuildFile; fileRef = AA8DF5371568196900D585CE /* ViewController.m */; };
		AA8DF53B1568196900D585CE /* ViewController.xib in Resources */ = {isa = PBXBuildFile; fileRef = AA8DF5391568196900D585CE /* ViewController.xib */; };
		AA8DF5921568199000D585CE /* libCorePlot-CocoaTouch.a in Frameworks */ = {isa = PBXBuildFile; fileRef = AA8DF5911568199000D585CE /* libCorePlot-CocoaTouch.a */; };
		AA8DF59815681A6F00D585CE /* QuartzCore.framework in Frameworks */ = {isa = PBXBuildFile; fileRef = AA8DF59715681A6F00D585CE /* QuartzCore.framework */; };
		AA8DF59B15681AAC00D585CE /* DynamicPlotView.m in Sources */ = {isa = PBXBuildFile; fileRef = AA8DF59A15681AAC00D585CE /* DynamicPlotView.m */; };
/* End PBXBuildFile section */

/* Begin PBXFileReference section */
		AA8DF5201568196900D585CE /* DynamicPlot.app */ = {isa = PBXFileReference; explicitFileType = wrapper.application; includeInIndex = 0; path = DynamicPlot.app; sourceTree = BUILT_PRODUCTS_DIR; };
		AA8DF5241568196900D585CE /* UIKit.framework */ = {isa = PBXFileReference; lastKnownFileType = wrapper.framework; name = UIKit.framework; path = System/Library/Frameworks/UIKit.framework; sourceTree = SDKROOT; };
		AA8DF5261568196900D585CE /* Foundation.framework */ = {isa = PBXFileReference; lastKnownFileType = wrapper.framework; name = Foundation.framework; path = System/Library/Frameworks/Foundation.framework; sourceTree = SDKROOT; };
		AA8DF5281568196900D585CE /* CoreGraphics.framework */ = {isa = PBXFileReference; lastKnownFileType = wrapper.framework; name = CoreGraphics.framework; path = System/Library/Frameworks/CoreGraphics.framework; sourceTree = SDKROOT; };
		AA8DF52C1568196900D585CE /* DynamicPlot-Info.plist */ = {isa = PBXFileReference; lastKnownFileType = text.plist.xml; path = "DynamicPlot-Info.plist"; sourceTree = "<group>"; };
		AA8DF52E1568196900D585CE /* en */ = {isa = PBXFileReference; lastKnownFileType = text.plist.strings; name = en; path = en.lproj/InfoPlist.strings; sourceTree = "<group>"; };
		AA8DF5301568196900D585CE /* main.m */ = {isa = PBXFileReference; lastKnownFileType = sourcecode.c.objc; path = main.m; sourceTree = "<group>"; };
		AA8DF5321568196900D585CE /* DynamicPlot-Prefix.pch */ = {isa = PBXFileReference; lastKnownFileType = sourcecode.c.h; path = "DynamicPlot-Prefix.pch"; sourceTree = "<group>"; };
		AA8DF5331568196900D585CE /* AppDelegate.h */ = {isa = PBXFileReference; lastKnownFileType = sourcecode.c.h; path = AppDelegate.h; sourceTree = "<group>"; };
		AA8DF5341568196900D585CE /* AppDelegate.m */ = {isa = PBXFileReference; lastKnownFileType = sourcecode.c.objc; path = AppDelegate.m; sourceTree = "<group>"; };
		AA8DF5361568196900D585CE /* ViewController.h */ = {isa = PBXFileReference; lastKnownFileType = sourcecode.c.h; path = ViewController.h; sourceTree = "<group>"; };
		AA8DF5371568196900D585CE /* ViewController.m */ = {isa = PBXFileReference; lastKnownFileType = sourcecode.c.objc; path = ViewController.m; sourceTree = "<group>"; };
		AA8DF53A1568196900D585CE /* en */ = {isa = PBXFileReference; lastKnownFileType = file.xib; name = en; path = en.lproj/ViewController.xib; sourceTree = "<group>"; };
		AA8DF5421568198A00D585CE /* _CPTConstraintsFixed.h */ = {isa = PBXFileReference; fileEncoding = 4; lastKnownFileType = sourcecode.c.h; path = _CPTConstraintsFixed.h; sourceTree = "<group>"; };
		AA8DF5431568198A00D585CE /* _CPTConstraintsRelative.h */ = {isa = PBXFileReference; fileEncoding = 4; lastKnownFileType = sourcecode.c.h; path = _CPTConstraintsRelative.h; sourceTree = "<group>"; };
		AA8DF5441568198A00D585CE /* _CPTDarkGradientTheme.h */ = {isa = PBXFileReference; fileEncoding = 4; lastKnownFileType = sourcecode.c.h; path = _CPTDarkGradientTheme.h; sourceTree = "<group>"; };
		AA8DF5451568198A00D585CE /* _CPTFillColor.h */ = {isa = PBXFileReference; fileEncoding = 4; lastKnownFileType = sourcecode.c.h; path = _CPTFillColor.h; sourceTree = "<group>"; };
		AA8DF5461568198A00D585CE /* _CPTFillGradient.h */ = {isa = PBXFileReference; fileEncoding = 4; lastKnownFileType = sourcecode.c.h; path = _CPTFillGradient.h; sourceTree = "<group>"; };
		AA8DF5471568198A00D585CE /* _CPTFillImage.h */ = {isa = PBXFileReference; fileEncoding = 4; lastKnownFileType = sourcecode.c.h; path = _CPTFillImage.h; sourceTree = "<group>"; };
		AA8DF5481568198A00D585CE /* _CPTPlainBlackTheme.h */ = {isa = PBXFileReference; fileEncoding = 4; lastKnownFileType = sourcecode.c.h; path = _CPTPlainBlackTheme.h; sourceTree = "<group>"; };
		AA8DF5491568198A00D585CE /* _CPTPlainWhiteTheme.h */ = {isa = PBXFileReference; fileEncoding = 4; lastKnownFileType = sourcecode.c.h; path = _CPTPlainWhiteTheme.h; sourceTree = "<group>"; };
		AA8DF54A1568198A00D585CE /* _CPTSlateTheme.h */ = {isa = PBXFileReference; fileEncoding = 4; lastKnownFileType = sourcecode.c.h; path = _CPTSlateTheme.h; sourceTree = "<group>"; };
		AA8DF54B1568198A00D585CE /* _CPTStocksTheme.h */ = {isa = PBXFileReference; fileEncoding = 4; lastKnownFileType = sourcecode.c.h; path = _CPTStocksTheme.h; sourceTree = "<group>"; };
		AA8DF54C1568198A00D585CE /* _CPTXYTheme.h */ = {isa = PBXFileReference; fileEncoding = 4; lastKnownFileType = sourcecode.c.h; path = _CPTXYTheme.h; sourceTree = "<group>"; };
		AA8DF54D1568198A00D585CE /* CorePlot-CocoaTouch.h */ = {isa = PBXFileReference; fileEncoding = 4; lastKnownFileType = sourcecode.c.h; path = "CorePlot-CocoaTouch.h"; sourceTree = "<group>"; };
		AA8DF54E1568198A00D585CE /* CPTAnnotation.h */ = {isa = PBXFileReference; fileEncoding = 4; lastKnownFileType = sourcecode.c.h; path = CPTAnnotation.h; sourceTree = "<group>"; };
		AA8DF54F1568198A00D585CE /* CPTAnnotationHostLayer.h */ = {isa = PBXFileReference; fileEncoding = 4; lastKnownFileType = sourcecode.c.h; path = CPTAnnotationHostLayer.h; sourceTree = "<group>"; };
		AA8DF5501568198A00D585CE /* CPTAxis.h */ = {isa = PBXFileReference; fileEncoding = 4; lastKnownFileType = sourcecode.c.h; path = CPTAxis.h; sourceTree = "<group>"; };
		AA8DF5511568198A00D585CE /* CPTAxisLabel.h */ = {isa = PBXFileReference; fileEncoding = 4; lastKnownFileType = sourcecode.c.h; path = CPTAxisLabel.h; sourceTree = "<group>"; };
		AA8DF5521568198A00D585CE /* CPTAxisLabelGroup.h */ = {isa = PBXFileReference; fileEncoding = 4; lastKnownFileType = sourcecode.c.h; path = CPTAxisLabelGroup.h; sourceTree = "<group>"; };
		AA8DF5531568198A00D585CE /* CPTAxisSet.h */ = {isa = PBXFileReference; fileEncoding = 4; lastKnownFileType = sourcecode.c.h; path = CPTAxisSet.h; sourceTree = "<group>"; };
		AA8DF5541568198A00D585CE /* CPTAxisTitle.h */ = {isa = PBXFileReference; fileEncoding = 4; lastKnownFileType = sourcecode.c.h; path = CPTAxisTitle.h; sourceTree = "<group>"; };
		AA8DF5551568198A00D585CE /* CPTBarPlot.h */ = {isa = PBXFileReference; fileEncoding = 4; lastKnownFileType = sourcecode.c.h; path = CPTBarPlot.h; sourceTree = "<group>"; };
		AA8DF5561568198A00D585CE /* CPTBorderedLayer.h */ = {isa = PBXFileReference; fileEncoding = 4; lastKnownFileType = sourcecode.c.h; path = CPTBorderedLayer.h; sourceTree = "<group>"; };
		AA8DF5571568198A00D585CE /* CPTColor.h */ = {isa = PBXFileReference; fileEncoding = 4; lastKnownFileType = sourcecode.c.h; path = CPTColor.h; sourceTree = "<group>"; };
		AA8DF5581568198A00D585CE /* CPTColorSpace.h */ = {isa = PBXFileReference; fileEncoding = 4; lastKnownFileType = sourcecode.c.h; path = CPTColorSpace.h; sourceTree = "<group>"; };
		AA8DF5591568198A00D585CE /* CPTConstraints.h */ = {isa = PBXFileReference; fileEncoding = 4; lastKnownFileType = sourcecode.c.h; path = CPTConstraints.h; sourceTree = "<group>"; };
		AA8DF55A1568198A00D585CE /* CPTDefinitions.h */ = {isa = PBXFileReference; fileEncoding = 4; lastKnownFileType = sourcecode.c.h; path = CPTDefinitions.h; sourceTree = "<group>"; };
		AA8DF55B1568198A00D585CE /* CPTExceptions.h */ = {isa = PBXFileReference; fileEncoding = 4; lastKnownFileType = sourcecode.c.h; path = CPTExceptions.h; sourceTree = "<group>"; };
		AA8DF55C1568198A00D585CE /* CPTFill.h */ = {isa = PBXFileReference; fileEncoding = 4; lastKnownFileType = sourcecode.c.h; path = CPTFill.h; sourceTree = "<group>"; };
		AA8DF55D1568198A00D585CE /* CPTGradient.h */ = {isa = PBXFileReference; fileEncoding = 4; lastKnownFileType = sourcecode.c.h; path = CPTGradient.h; sourceTree = "<group>"; };
		AA8DF55E1568198A00D585CE /* CPTGraph.h */ = {isa = PBXFileReference; fileEncoding = 4; lastKnownFileType = sourcecode.c.h; path = CPTGraph.h; sourceTree = "<group>"; };
		AA8DF55F1568198A00D585CE /* CPTGraphHostingView.h */ = {isa = PBXFileReference; fileEncoding = 4; lastKnownFileType = sourcecode.c.h; path = CPTGraphHostingView.h; sourceTree = "<group>"; };
		AA8DF5601568198A00D585CE /* CPTGridLineGroup.h */ = {isa = PBXFileReference; fileEncoding = 4; lastKnownFileType = sourcecode.c.h; path = CPTGridLineGroup.h; sourceTree = "<group>"; };
		AA8DF5611568198A00D585CE /* CPTGridLines.h */ = {isa = PBXFileReference; fileEncoding = 4; lastKnownFileType = sourcecode.c.h; path = CPTGridLines.h; sourceTree = "<group>"; };
		AA8DF5621568198A00D585CE /* CPTImage.h */ = {isa = PBXFileReference; fileEncoding = 4; lastKnownFileType = sourcecode.c.h; path = CPTImage.h; sourceTree = "<group>"; };
		AA8DF5631568198A00D585CE /* CPTLayer.h */ = {isa = PBXFileReference; fileEncoding = 4; lastKnownFileType = sourcecode.c.h; path = CPTLayer.h; sourceTree = "<group>"; };
		AA8DF5641568198A00D585CE /* CPTLayerAnnotation.h */ = {isa = PBXFileReference; fileEncoding = 4; lastKnownFileType = sourcecode.c.h; path = CPTLayerAnnotation.h; sourceTree = "<group>"; };
		AA8DF5651568198A00D585CE /* CPTLegend.h */ = {isa = PBXFileReference; fileEncoding = 4; lastKnownFileType = sourcecode.c.h; path = CPTLegend.h; sourceTree = "<group>"; };
		AA8DF5661568198A00D585CE /* CPTLegendEntry.h */ = {isa = PBXFileReference; fileEncoding = 4; lastKnownFileType = sourcecode.c.h; path = CPTLegendEntry.h; sourceTree = "<group>"; };
		AA8DF5671568198A00D585CE /* CPTLimitBand.h */ = {isa = PBXFileReference; fileEncoding = 4; lastKnownFileType = sourcecode.c.h; path = CPTLimitBand.h; sourceTree = "<group>"; };
		AA8DF5681568198A00D585CE /* CPTLineCap.h */ = {isa = PBXFileReference; fileEncoding = 4; lastKnownFileType = sourcecode.c.h; path = CPTLineCap.h; sourceTree = "<group>"; };
		AA8DF5691568198A00D585CE /* CPTLineStyle.h */ = {isa = PBXFileReference; fileEncoding = 4; lastKnownFileType = sourcecode.c.h; path = CPTLineStyle.h; sourceTree = "<group>"; };
		AA8DF56A1568198A00D585CE /* CPTMutableLineStyle.h */ = {isa = PBXFileReference; fileEncoding = 4; lastKnownFileType = sourcecode.c.h; path = CPTMutableLineStyle.h; sourceTree = "<group>"; };
		AA8DF56B1568198A00D585CE /* CPTMutableNumericData+TypeConversion.h */ = {isa = PBXFileReference; fileEncoding = 4; lastKnownFileType = sourcecode.c.h; path = "CPTMutableNumericData+TypeConversion.h"; sourceTree = "<group>"; };
		AA8DF56C1568198A00D585CE /* CPTMutableNumericData.h */ = {isa = PBXFileReference; fileEncoding = 4; lastKnownFileType = sourcecode.c.h; path = CPTMutableNumericData.h; sourceTree = "<group>"; };
		AA8DF56D1568198A00D585CE /* CPTMutablePlotRange.h */ = {isa = PBXFileReference; fileEncoding = 4; lastKnownFileType = sourcecode.c.h; path = CPTMutablePlotRange.h; sourceTree = "<group>"; };
		AA8DF56E1568198A00D585CE /* CPTMutableShadow.h */ = {isa = PBXFileReference; fileEncoding = 4; lastKnownFileType = sourcecode.c.h; path = CPTMutableShadow.h; sourceTree = "<group>"; };
		AA8DF56F1568198A00D585CE /* CPTMutableTextStyle.h */ = {isa = PBXFileReference; fileEncoding = 4; lastKnownFileType = sourcecode.c.h; path = CPTMutableTextStyle.h; sourceTree = "<group>"; };
		AA8DF5701568198A00D585CE /* CPTNumericData+TypeConversion.h */ = {isa = PBXFileReference; fileEncoding = 4; lastKnownFileType = sourcecode.c.h; path = "CPTNumericData+TypeConversion.h"; sourceTree = "<group>"; };
		AA8DF5711568198A00D585CE /* CPTNumericData.h */ = {isa = PBXFileReference; fileEncoding = 4; lastKnownFileType = sourcecode.c.h; path = CPTNumericData.h; sourceTree = "<group>"; };
		AA8DF5721568198A00D585CE /* CPTNumericDataType.h */ = {isa = PBXFileReference; fileEncoding = 4; lastKnownFileType = sourcecode.c.h; path = CPTNumericDataType.h; sourceTree = "<group>"; };
		AA8DF5731568198A00D585CE /* CPTPathExtensions.h */ = {isa = PBXFileReference; fileEncoding = 4; lastKnownFileType = sourcecode.c.h; path = CPTPathExtensions.h; sourceTree = "<group>"; };
		AA8DF5741568198A00D585CE /* CPTPieChart.h */ = {isa = PBXFileReference; fileEncoding = 4; lastKnownFileType = sourcecode.c.h; path = CPTPieChart.h; sourceTree = "<group>"; };
		AA8DF5751568198A00D585CE /* CPTPlatformSpecificCategories.h */ = {isa = PBXFileReference; fileEncoding = 4; lastKnownFileType = sourcecode.c.h; path = CPTPlatformSpecificCategories.h; sourceTree = "<group>"; };
		AA8DF5761568198A00D585CE /* CPTPlatformSpecificDefines.h */ = {isa = PBXFileReference; fileEncoding = 4; lastKnownFileType = sourcecode.c.h; path = CPTPlatformSpecificDefines.h; sourceTree = "<group>"; };
		AA8DF5771568198A00D585CE /* CPTPlatformSpecificFunctions.h */ = {isa = PBXFileReference; fileEncoding = 4; lastKnownFileType = sourcecode.c.h; path = CPTPlatformSpecificFunctions.h; sourceTree = "<group>"; };
		AA8DF5781568198A00D585CE /* CPTPlot.h */ = {isa = PBXFileReference; fileEncoding = 4; lastKnownFileType = sourcecode.c.h; path = CPTPlot.h; sourceTree = "<group>"; };
		AA8DF5791568198A00D585CE /* CPTPlotArea.h */ = {isa = PBXFileReference; fileEncoding = 4; lastKnownFileType = sourcecode.c.h; path = CPTPlotArea.h; sourceTree = "<group>"; };
		AA8DF57A1568198A00D585CE /* CPTPlotAreaFrame.h */ = {isa = PBXFileReference; fileEncoding = 4; lastKnownFileType = sourcecode.c.h; path = CPTPlotAreaFrame.h; sourceTree = "<group>"; };
		AA8DF57B1568198A00D585CE /* CPTPlotGroup.h */ = {isa = PBXFileReference; fileEncoding = 4; lastKnownFileType = sourcecode.c.h; path = CPTPlotGroup.h; sourceTree = "<group>"; };
		AA8DF57C1568198A00D585CE /* CPTPlotRange.h */ = {isa = PBXFileReference; fileEncoding = 4; lastKnownFileType = sourcecode.c.h; path = CPTPlotRange.h; sourceTree = "<group>"; };
		AA8DF57D1568198A00D585CE /* CPTPlotSpace.h */ = {isa = PBXFileReference; fileEncoding = 4; lastKnownFileType = sourcecode.c.h; path = CPTPlotSpace.h; sourceTree = "<group>"; };
		AA8DF57E1568198A00D585CE /* CPTPlotSpaceAnnotation.h */ = {isa = PBXFileReference; fileEncoding = 4; lastKnownFileType = sourcecode.c.h; path = CPTPlotSpaceAnnotation.h; sourceTree = "<group>"; };
		AA8DF57F1568198A00D585CE /* CPTPlotSymbol.h */ = {isa = PBXFileReference; fileEncoding = 4; lastKnownFileType = sourcecode.c.h; path = CPTPlotSymbol.h; sourceTree = "<group>"; };
		AA8DF5801568198A00D585CE /* CPTRangePlot.h */ = {isa = PBXFileReference; fileEncoding = 4; lastKnownFileType = sourcecode.c.h; path = CPTRangePlot.h; sourceTree = "<group>"; };
		AA8DF5811568198A00D585CE /* CPTResponder.h */ = {isa = PBXFileReference; fileEncoding = 4; lastKnownFileType = sourcecode.c.h; path = CPTResponder.h; sourceTree = "<group>"; };
		AA8DF5821568198A00D585CE /* CPTScatterPlot.h */ = {isa = PBXFileReference; fileEncoding = 4; lastKnownFileType = sourcecode.c.h; path = CPTScatterPlot.h; sourceTree = "<group>"; };
		AA8DF5831568198A00D585CE /* CPTShadow.h */ = {isa = PBXFileReference; fileEncoding = 4; lastKnownFileType = sourcecode.c.h; path = CPTShadow.h; sourceTree = "<group>"; };
		AA8DF5841568198A00D585CE /* CPTTextLayer.h */ = {isa = PBXFileReference; fileEncoding = 4; lastKnownFileType = sourcecode.c.h; path = CPTTextLayer.h; sourceTree = "<group>"; };
		AA8DF5851568198A00D585CE /* CPTTextStyle.h */ = {isa = PBXFileReference; fileEncoding = 4; lastKnownFileType = sourcecode.c.h; path = CPTTextStyle.h; sourceTree = "<group>"; };
		AA8DF5861568198A00D585CE /* CPTTheme.h */ = {isa = PBXFileReference; fileEncoding = 4; lastKnownFileType = sourcecode.c.h; path = CPTTheme.h; sourceTree = "<group>"; };
		AA8DF5871568198A00D585CE /* CPTTimeFormatter.h */ = {isa = PBXFileReference; fileEncoding = 4; lastKnownFileType = sourcecode.c.h; path = CPTTimeFormatter.h; sourceTree = "<group>"; };
		AA8DF5881568198A00D585CE /* CPTTradingRangePlot.h */ = {isa = PBXFileReference; fileEncoding = 4; lastKnownFileType = sourcecode.c.h; path = CPTTradingRangePlot.h; sourceTree = "<group>"; };
		AA8DF5891568198A00D585CE /* CPTUtilities.h */ = {isa = PBXFileReference; fileEncoding = 4; lastKnownFileType = sourcecode.c.h; path = CPTUtilities.h; sourceTree = "<group>"; };
		AA8DF58A1568198A00D585CE /* CPTXYAxis.h */ = {isa = PBXFileReference; fileEncoding = 4; lastKnownFileType = sourcecode.c.h; path = CPTXYAxis.h; sourceTree = "<group>"; };
		AA8DF58B1568198A00D585CE /* CPTXYAxisSet.h */ = {isa = PBXFileReference; fileEncoding = 4; lastKnownFileType = sourcecode.c.h; path = CPTXYAxisSet.h; sourceTree = "<group>"; };
		AA8DF58C1568198A00D585CE /* CPTXYGraph.h */ = {isa = PBXFileReference; fileEncoding = 4; lastKnownFileType = sourcecode.c.h; path = CPTXYGraph.h; sourceTree = "<group>"; };
		AA8DF58D1568198A00D585CE /* CPTXYPlotSpace.h */ = {isa = PBXFileReference; fileEncoding = 4; lastKnownFileType = sourcecode.c.h; path = CPTXYPlotSpace.h; sourceTree = "<group>"; };
		AA8DF58E1568198A00D585CE /* NSCoderExtensions.h */ = {isa = PBXFileReference; fileEncoding = 4; lastKnownFileType = sourcecode.c.h; path = NSCoderExtensions.h; sourceTree = "<group>"; };
		AA8DF58F1568198A00D585CE /* NSDecimalNumberExtensions.h */ = {isa = PBXFileReference; fileEncoding = 4; lastKnownFileType = sourcecode.c.h; path = NSDecimalNumberExtensions.h; sourceTree = "<group>"; };
		AA8DF5901568198A00D585CE /* NSNumberExtensions.h */ = {isa = PBXFileReference; fileEncoding = 4; lastKnownFileType = sourcecode.c.h; path = NSNumberExtensions.h; sourceTree = "<group>"; };
		AA8DF5911568199000D585CE /* libCorePlot-CocoaTouch.a */ = {isa = PBXFileReference; lastKnownFileType = archive.ar; name = "libCorePlot-CocoaTouch.a"; path = "DynamicPlot/libCorePlot-CocoaTouch.a"; sourceTree = "<group>"; };
		AA8DF59715681A6F00D585CE /* QuartzCore.framework */ = {isa = PBXFileReference; lastKnownFileType = wrapper.framework; name = QuartzCore.framework; path = System/Library/Frameworks/QuartzCore.framework; sourceTree = SDKROOT; };
		AA8DF59915681AAC00D585CE /* DynamicPlotView.h */ = {isa = PBXFileReference; fileEncoding = 4; lastKnownFileType = sourcecode.c.h; path = DynamicPlotView.h; sourceTree = "<group>"; };
		AA8DF59A15681AAC00D585CE /* DynamicPlotView.m */ = {isa = PBXFileReference; fileEncoding = 4; lastKnownFileType = sourcecode.c.objc; path = DynamicPlotView.m; sourceTree = "<group>"; };
/* End PBXFileReference section */

/* Begin PBXFrameworksBuildPhase section */
		AA8DF51D1568196900D585CE /* Frameworks */ = {
			isa = PBXFrameworksBuildPhase;
			buildActionMask = 2147483647;
			files = (
				AA8DF59815681A6F00D585CE /* QuartzCore.framework in Frameworks */,
				AA8DF5251568196900D585CE /* UIKit.framework in Frameworks */,
				AA8DF5271568196900D585CE /* Foundation.framework in Frameworks */,
				AA8DF5291568196900D585CE /* CoreGraphics.framework in Frameworks */,
				AA8DF5921568199000D585CE /* libCorePlot-CocoaTouch.a in Frameworks */,
			);
			runOnlyForDeploymentPostprocessing = 0;
		};
/* End PBXFrameworksBuildPhase section */

/* Begin PBXGroup section */
		AA8DF5151568196900D585CE = {
			isa = PBXGroup;
			children = (
				AA8DF52A1568196900D585CE /* DynamicPlot */,
				AA8DF5231568196900D585CE /* Frameworks */,
				AA8DF5211568196900D585CE /* Products */,
			);
			sourceTree = "<group>";
		};
		AA8DF5211568196900D585CE /* Products */ = {
			isa = PBXGroup;
			children = (
				AA8DF5201568196900D585CE /* DynamicPlot.app */,
			);
			name = Products;
			sourceTree = "<group>";
		};
		AA8DF5231568196900D585CE /* Frameworks */ = {
			isa = PBXGroup;
			children = (
				AA8DF5911568199000D585CE /* libCorePlot-CocoaTouch.a */,
				AA8DF59715681A6F00D585CE /* QuartzCore.framework */,
				AA8DF5241568196900D585CE /* UIKit.framework */,
				AA8DF5261568196900D585CE /* Foundation.framework */,
				AA8DF5281568196900D585CE /* CoreGraphics.framework */,
			);
			name = Frameworks;
			sourceTree = "<group>";
		};
		AA8DF52A1568196900D585CE /* DynamicPlot */ = {
			isa = PBXGroup;
			children = (
				AA8DF5411568198A00D585CE /* CorePlotHeaders */,
				AA8DF5331568196900D585CE /* AppDelegate.h */,
				AA8DF5341568196900D585CE /* AppDelegate.m */,
				AA8DF5361568196900D585CE /* ViewController.h */,
				AA8DF5371568196900D585CE /* ViewController.m */,
				AA8DF5391568196900D585CE /* ViewController.xib */,
				AA8DF52B1568196900D585CE /* Supporting Files */,
				AA8DF59915681AAC00D585CE /* DynamicPlotView.h */,
				AA8DF59A15681AAC00D585CE /* DynamicPlotView.m */,
			);
			path = DynamicPlot;
			sourceTree = "<group>";
		};
		AA8DF52B1568196900D585CE /* Supporting Files */ = {
			isa = PBXGroup;
			children = (
				AA8DF52C1568196900D585CE /* DynamicPlot-Info.plist */,
				AA8DF52D1568196900D585CE /* InfoPlist.strings */,
				AA8DF5301568196900D585CE /* main.m */,
				AA8DF5321568196900D585CE /* DynamicPlot-Prefix.pch */,
			);
			name = "Supporting Files";
			sourceTree = "<group>";
		};
		AA8DF5411568198A00D585CE /* CorePlotHeaders */ = {
			isa = PBXGroup;
			children = (
				AA8DF5421568198A00D585CE /* _CPTConstraintsFixed.h */,
				AA8DF5431568198A00D585CE /* _CPTConstraintsRelative.h */,
				AA8DF5441568198A00D585CE /* _CPTDarkGradientTheme.h */,
				AA8DF5451568198A00D585CE /* _CPTFillColor.h */,
				AA8DF5461568198A00D585CE /* _CPTFillGradient.h */,
				AA8DF5471568198A00D585CE /* _CPTFillImage.h */,
				AA8DF5481568198A00D585CE /* _CPTPlainBlackTheme.h */,
				AA8DF5491568198A00D585CE /* _CPTPlainWhiteTheme.h */,
				AA8DF54A1568198A00D585CE /* _CPTSlateTheme.h */,
				AA8DF54B1568198A00D585CE /* _CPTStocksTheme.h */,
				AA8DF54C1568198A00D585CE /* _CPTXYTheme.h */,
				AA8DF54D1568198A00D585CE /* CorePlot-CocoaTouch.h */,
				AA8DF54E1568198A00D585CE /* CPTAnnotation.h */,
				AA8DF54F1568198A00D585CE /* CPTAnnotationHostLayer.h */,
				AA8DF5501568198A00D585CE /* CPTAxis.h */,
				AA8DF5511568198A00D585CE /* CPTAxisLabel.h */,
				AA8DF5521568198A00D585CE /* CPTAxisLabelGroup.h */,
				AA8DF5531568198A00D585CE /* CPTAxisSet.h */,
				AA8DF5541568198A00D585CE /* CPTAxisTitle.h */,
				AA8DF5551568198A00D585CE /* CPTBarPlot.h */,
				AA8DF5561568198A00D585CE /* CPTBorderedLayer.h */,
				AA8DF5571568198A00D585CE /* CPTColor.h */,
				AA8DF5581568198A00D585CE /* CPTColorSpace.h */,
				AA8DF5591568198A00D585CE /* CPTConstraints.h */,
				AA8DF55A1568198A00D585CE /* CPTDefinitions.h */,
				AA8DF55B1568198A00D585CE /* CPTExceptions.h */,
				AA8DF55C1568198A00D585CE /* CPTFill.h */,
				AA8DF55D1568198A00D585CE /* CPTGradient.h */,
				AA8DF55E1568198A00D585CE /* CPTGraph.h */,
				AA8DF55F1568198A00D585CE /* CPTGraphHostingView.h */,
				AA8DF5601568198A00D585CE /* CPTGridLineGroup.h */,
				AA8DF5611568198A00D585CE /* CPTGridLines.h */,
				AA8DF5621568198A00D585CE /* CPTImage.h */,
				AA8DF5631568198A00D585CE /* CPTLayer.h */,
				AA8DF5641568198A00D585CE /* CPTLayerAnnotation.h */,
				AA8DF5651568198A00D585CE /* CPTLegend.h */,
				AA8DF5661568198A00D585CE /* CPTLegendEntry.h */,
				AA8DF5671568198A00D585CE /* CPTLimitBand.h */,
				AA8DF5681568198A00D585CE /* CPTLineCap.h */,
				AA8DF5691568198A00D585CE /* CPTLineStyle.h */,
				AA8DF56A1568198A00D585CE /* CPTMutableLineStyle.h */,
				AA8DF56B1568198A00D585CE /* CPTMutableNumericData+TypeConversion.h */,
				AA8DF56C1568198A00D585CE /* CPTMutableNumericData.h */,
				AA8DF56D1568198A00D585CE /* CPTMutablePlotRange.h */,
				AA8DF56E1568198A00D585CE /* CPTMutableShadow.h */,
				AA8DF56F1568198A00D585CE /* CPTMutableTextStyle.h */,
				AA8DF5701568198A00D585CE /* CPTNumericData+TypeConversion.h */,
				AA8DF5711568198A00D585CE /* CPTNumericData.h */,
				AA8DF5721568198A00D585CE /* CPTNumericDataType.h */,
				AA8DF5731568198A00D585CE /* CPTPathExtensions.h */,
				AA8DF5741568198A00D585CE /* CPTPieChart.h */,
				AA8DF5751568198A00D585CE /* CPTPlatformSpecificCategories.h */,
				AA8DF5761568198A00D585CE /* CPTPlatformSpecificDefines.h */,
				AA8DF5771568198A00D585CE /* CPTPlatformSpecificFunctions.h */,
				AA8DF5781568198A00D585CE /* CPTPlot.h */,
				AA8DF5791568198A00D585CE /* CPTPlotArea.h */,
				AA8DF57A1568198A00D585CE /* CPTPlotAreaFrame.h */,
				AA8DF57B1568198A00D585CE /* CPTPlotGroup.h */,
				AA8DF57C1568198A00D585CE /* CPTPlotRange.h */,
				AA8DF57D1568198A00D585CE /* CPTPlotSpace.h */,
				AA8DF57E1568198A00D585CE /* CPTPlotSpaceAnnotation.h */,
				AA8DF57F1568198A00D585CE /* CPTPlotSymbol.h */,
				AA8DF5801568198A00D585CE /* CPTRangePlot.h */,
				AA8DF5811568198A00D585CE /* CPTResponder.h */,
				AA8DF5821568198A00D585CE /* CPTScatterPlot.h */,
				AA8DF5831568198A00D585CE /* CPTShadow.h */,
				AA8DF5841568198A00D585CE /* CPTTextLayer.h */,
				AA8DF5851568198A00D585CE /* CPTTextStyle.h */,
				AA8DF5861568198A00D585CE /* CPTTheme.h */,
				AA8DF5871568198A00D585CE /* CPTTimeFormatter.h */,
				AA8DF5881568198A00D585CE /* CPTTradingRangePlot.h */,
				AA8DF5891568198A00D585CE /* CPTUtilities.h */,
				AA8DF58A1568198A00D585CE /* CPTXYAxis.h */,
				AA8DF58B1568198A00D585CE /* CPTXYAxisSet.h */,
				AA8DF58C1568198A00D585CE /* CPTXYGraph.h */,
				AA8DF58D1568198A00D585CE /* CPTXYPlotSpace.h */,
				AA8DF58E1568198A00D585CE /* NSCoderExtensions.h */,
				AA8DF58F1568198A00D585CE /* NSDecimalNumberExtensions.h */,
				AA8DF5901568198A00D585CE /* NSNumberExtensions.h */,
			);
			path = CorePlotHeaders;
			sourceTree = "<group>";
		};
/* End PBXGroup section */

/* Begin PBXNativeTarget section */
		AA8DF51F1568196900D585CE /* DynamicPlot */ = {
			isa = PBXNativeTarget;
			buildConfigurationList = AA8DF53E1568196900D585CE /* Build configuration list for PBXNativeTarget "DynamicPlot" */;
			buildPhases = (
				AA8DF51C1568196900D585CE /* Sources */,
				AA8DF51D1568196900D585CE /* Frameworks */,
				AA8DF51E1568196900D585CE /* Resources */,
			);
			buildRules = (
			);
			dependencies = (
			);
			name = DynamicPlot;
			productName = DynamicPlot;
			productReference = AA8DF5201568196900D585CE /* DynamicPlot.app */;
			productType = "com.apple.product-type.application";
		};
/* End PBXNativeTarget section */

/* Begin PBXProject section */
		AA8DF5171568196900D585CE /* Project object */ = {
			isa = PBXProject;
			attributes = {
				LastUpgradeCheck = 0430;
			};
			buildConfigurationList = AA8DF51A1568196900D585CE /* Build configuration list for PBXProject "DynamicPlot" */;
			compatibilityVersion = "Xcode 3.2";
			developmentRegion = English;
			hasScannedForEncodings = 0;
			knownRegions = (
				en,
			);
			mainGroup = AA8DF5151568196900D585CE;
			productRefGroup = AA8DF5211568196900D585CE /* Products */;
			projectDirPath = "";
			projectRoot = "";
			targets = (
				AA8DF51F1568196900D585CE /* DynamicPlot */,
			);
		};
/* End PBXProject section */

/* Begin PBXResourcesBuildPhase section */
		AA8DF51E1568196900D585CE /* Resources */ = {
			isa = PBXResourcesBuildPhase;
			buildActionMask = 2147483647;
			files = (
				AA8DF52F1568196900D585CE /* InfoPlist.strings in Resources */,
				AA8DF53B1568196900D585CE /* ViewController.xib in Resources */,
			);
			runOnlyForDeploymentPostprocessing = 0;
		};
/* End PBXResourcesBuildPhase section */

/* Begin PBXSourcesBuildPhase section */
		AA8DF51C1568196900D585CE /* Sources */ = {
			isa = PBXSourcesBuildPhase;
			buildActionMask = 2147483647;
			files = (
				AA8DF5311568196900D585CE /* main.m in Sources */,
				AA8DF5351568196900D585CE /* AppDelegate.m in Sources */,
				AA8DF5381568196900D585CE /* ViewController.m in Sources */,
				AA8DF59B15681AAC00D585CE /* DynamicPlotView.m in Sources */,
			);
			runOnlyForDeploymentPostprocessing = 0;
		};
/* End PBXSourcesBuildPhase section */

/* Begin PBXVariantGroup section */
		AA8DF52D1568196900D585CE /* InfoPlist.strings */ = {
			isa = PBXVariantGroup;
			children = (
				AA8DF52E1568196900D585CE /* en */,
			);
			name = InfoPlist.strings;
			sourceTree = "<group>";
		};
		AA8DF5391568196900D585CE /* ViewController.xib */ = {
			isa = PBXVariantGroup;
			children = (
				AA8DF53A1568196900D585CE /* en */,
			);
			name = ViewController.xib;
			sourceTree = "<group>";
		};
/* End PBXVariantGroup section */

/* Begin XCBuildConfiguration section */
		AA8DF53C1568196900D585CE /* Debug */ = {
			isa = XCBuildConfiguration;
			buildSettings = {
				ALWAYS_SEARCH_USER_PATHS = NO;
				ARCHS = "$(ARCHS_STANDARD_32_BIT)";
				"CODE_SIGN_IDENTITY[sdk=iphoneos*]" = "iPhone Developer";
				COPY_PHASE_STRIP = NO;
				GCC_C_LANGUAGE_STANDARD = gnu99;
				GCC_DYNAMIC_NO_PIC = NO;
				GCC_OPTIMIZATION_LEVEL = 0;
				GCC_PREPROCESSOR_DEFINITIONS = (
					"DEBUG=1",
					"$(inherited)",
				);
				GCC_SYMBOLS_PRIVATE_EXTERN = NO;
				GCC_VERSION = com.apple.compilers.llvm.clang.1_0;
				GCC_WARN_ABOUT_RETURN_TYPE = YES;
				GCC_WARN_UNINITIALIZED_AUTOS = YES;
				GCC_WARN_UNUSED_VARIABLE = YES;
				IPHONEOS_DEPLOYMENT_TARGET = 5.1;
				SDKROOT = iphoneos;
			};
			name = Debug;
		};
		AA8DF53D1568196900D585CE /* Release */ = {
			isa = XCBuildConfiguration;
			buildSettings = {
				ALWAYS_SEARCH_USER_PATHS = NO;
				ARCHS = "$(ARCHS_STANDARD_32_BIT)";
				"CODE_SIGN_IDENTITY[sdk=iphoneos*]" = "iPhone Developer";
				COPY_PHASE_STRIP = YES;
				GCC_C_LANGUAGE_STANDARD = gnu99;
				GCC_VERSION = com.apple.compilers.llvm.clang.1_0;
				GCC_WARN_ABOUT_RETURN_TYPE = YES;
				GCC_WARN_UNINITIALIZED_AUTOS = YES;
				GCC_WARN_UNUSED_VARIABLE = YES;
				IPHONEOS_DEPLOYMENT_TARGET = 5.1;
				OTHER_CFLAGS = "-DNS_BLOCK_ASSERTIONS=1";
				SDKROOT = iphoneos;
				VALIDATE_PRODUCT = YES;
			};
			name = Release;
		};
		AA8DF53F1568196900D585CE /* Debug */ = {
			isa = XCBuildConfiguration;
			buildSettings = {
				GCC_PRECOMPILE_PREFIX_HEADER = YES;
				GCC_PREFIX_HEADER = "DynamicPlot/DynamicPlot-Prefix.pch";
				INFOPLIST_FILE = "DynamicPlot/DynamicPlot-Info.plist";
				LIBRARY_SEARCH_PATHS = (
					"$(inherited)",
					"\"$(SRCROOT)/DynamicPlot\"",
				);
				OTHER_LDFLAGS = "-ObjC";
				PRODUCT_NAME = "$(TARGET_NAME)";
				WRAPPER_EXTENSION = app;
			};
			name = Debug;
		};
		AA8DF5401568196900D585CE /* Release */ = {
			isa = XCBuildConfiguration;
			buildSettings = {
				GCC_PRECOMPILE_PREFIX_HEADER = YES;
				GCC_PREFIX_HEADER = "DynamicPlot/DynamicPlot-Prefix.pch";
				INFOPLIST_FILE = "DynamicPlot/DynamicPlot-Info.plist";
				LIBRARY_SEARCH_PATHS = (
					"$(inherited)",
					"\"$(SRCROOT)/DynamicPlot\"",
				);
				OTHER_LDFLAGS = "-ObjC";
				PRODUCT_NAME = "$(TARGET_NAME)";
				WRAPPER_EXTENSION = app;
			};
			name = Release;
		};
/* End XCBuildConfiguration section */

/* Begin XCConfigurationList section */
		AA8DF51A1568196900D585CE /* Build configuration list for PBXProject "DynamicPlot" */ = {
			isa = XCConfigurationList;
			buildConfigurations = (
				AA8DF53C1568196900D585CE /* Debug */,
				AA8DF53D1568196900D585CE /* Release */,
			);
			defaultConfigurationIsVisible = 0;
			defaultConfigurationName = Release;
		};
		AA8DF53E1568196900D585CE /* Build configuration list for PBXNativeTarget "DynamicPlot" */ = {
			isa = XCConfigurationList;
			buildConfigurations = (
				AA8DF53F1568196900D585CE /* Debug */,
				AA8DF5401568196900D585CE /* Release */,
			);
			defaultConfigurationIsVisible = 0;
		};
/* End XCConfigurationList section */
	};
	rootObject = AA8DF5171568196900D585CE /* Project object */;
}
